
Microsoft Visual Studio Solution File, Format Version 12.00
# Visual Studio Version 16
VisualStudioVersion = 16.0.30717.126
MinimumVisualStudioVersion = 10.0.40219.1
Project("{FAE04EC0-301F-11D3-BF4B-00C04F79EFBC}") = "Mao.Repository", "Mao.Repository\Mao.Repository.csproj", "{3504F0F5-239D-49CD-A57C-41F0D08354CD}"
EndProject
Global
	GlobalSection(SolutionConfigurationPlatforms) = preSolution
		Debug|Any CPU = Debug|Any CPU
		Release|Any CPU = Release|Any CPU
	EndGlobalSection
	GlobalSection(ProjectConfigurationPlatforms) = postSolution
		{3504F0F5-239D-49CD-A57C-41F0D08354CD}.Debug|Any CPU.ActiveCfg = Debug|Any CPU
		{3504F0F5-239D-49CD-A57C-41F0D08354CD}.Debug|Any CPU.Build.0 = Debug|Any CPU
		{3504F0F5-239D-49CD-A57C-41F0D08354CD}.Release|Any CPU.ActiveCfg = Release|Any CPU
		{3504F0F5-239D-49CD-A57C-41F0D08354CD}.Release|Any CPU.Build.0 = Release|Any CPU
	EndGlobalSection
	GlobalSection(SolutionProperties) = preSolution
		HideSolutionNode = FALSE
	EndGlobalSection
	GlobalSection(ExtensibilityGlobals) = postSolution
		SolutionGuid = {CFF4FD67-7E3E-4C1C-BF02-8DA1BFDEFF25}
	EndGlobalSection
EndGlobal
